{
  "name": "SwapShop",
  "lockfileVersion": 2,
  "requires": true,
  "packages": {
    "": {
      "dependencies": {
        "react-native-platform-searchbar": "^1.2.3"
      }
    },
    "node_modules/react-native-platform-searchbar": {
      "version": "1.2.3",
      "resolved": "https://registry.npmjs.org/react-native-platform-searchbar/-/react-native-platform-searchbar-1.2.3.tgz",
      "integrity": "sha512-8ggTtAl9B422ogkGv/Ic4is0RB6TcR8nXanvwf71454rSmhTuvy5yuW8LFO3+g7FCTE7Abd7ysOkP9rcWqGaaw==",
      "peerDependencies": {
        "react": ">=16.8.0",
        "react-native": ">=0.63.2",
        "react-native-svg": ">=12.1.0"
      }
    }
  },
  "dependencies": {
    "react-native-platform-searchbar": {
      "version": "1.2.3",
      "resolved": "https://registry.npmjs.org/react-native-platform-searchbar/-/react-native-platform-searchbar-1.2.3.tgz",
      "integrity": "sha512-8ggTtAl9B422ogkGv/Ic4is0RB6TcR8nXanvwf71454rSmhTuvy5yuW8LFO3+g7FCTE7Abd7ysOkP9rcWqGaaw=="
    }
  }
}
